// !$*UTF8*$!
{
	archiveVersion = 1;
	classes = {
	};
	objectVersion = 46;
	objects = {

/* Begin PBXBuildFile section */
		1F19C8C61C5E618700280D3B /* Additions.swift in Sources */ = {isa = PBXBuildFile; fileRef = 1F19C8B11C5E618700280D3B /* Additions.swift */; };
		1F19C8C71C5E618700280D3B /* DateInRegion.swift in Sources */ = {isa = PBXBuildFile; fileRef = 1F19C8B21C5E618700280D3B /* DateInRegion.swift */; };
		1F19C8C81C5E618700280D3B /* DateInRegion+Comparisons.swift in Sources */ = {isa = PBXBuildFile; fileRef = 1F19C8B31C5E618700280D3B /* DateInRegion+Comparisons.swift */; };
		1F19C8C91C5E618700280D3B /* DateInRegion+Components.swift in Sources */ = {isa = PBXBuildFile; fileRef = 1F19C8B41C5E618700280D3B /* DateInRegion+Components.swift */; };
		1F19C8CA1C5E618700280D3B /* DateInRegion+Equations.swift in Sources */ = {isa = PBXBuildFile; fileRef = 1F19C8B51C5E618700280D3B /* DateInRegion+Equations.swift */; };
		1F19C8CB1C5E618700280D3B /* DateInRegion+Formatter.swift in Sources */ = {isa = PBXBuildFile; fileRef = 1F19C8B61C5E618700280D3B /* DateInRegion+Formatter.swift */; };
		1F19C8CC1C5E618700280D3B /* DateInRegion+NSDatePort.swift in Sources */ = {isa = PBXBuildFile; fileRef = 1F19C8B71C5E618700280D3B /* DateInRegion+NSDatePort.swift */; };
		1F19C8CD1C5E618700280D3B /* DateInRegion+Operations.swift in Sources */ = {isa = PBXBuildFile; fileRef = 1F19C8B81C5E618700280D3B /* DateInRegion+Operations.swift */; };
		1F19C8CE1C5E618700280D3B /* DateInRegion+StartEnd.swift in Sources */ = {isa = PBXBuildFile; fileRef = 1F19C8B91C5E618700280D3B /* DateInRegion+StartEnd.swift */; };
		1F19C8CF1C5E618700280D3B /* Dictionary+SwiftDate.swift in Sources */ = {isa = PBXBuildFile; fileRef = 1F19C8BA1C5E618700280D3B /* Dictionary+SwiftDate.swift */; };
		1F19C8D11C5E618700280D3B /* NSCalendar+SwiftDate.swift in Sources */ = {isa = PBXBuildFile; fileRef = 1F19C8BC1C5E618700280D3B /* NSCalendar+SwiftDate.swift */; };
		1F19C8D21C5E618700280D3B /* NSDate+SwiftDate.swift in Sources */ = {isa = PBXBuildFile; fileRef = 1F19C8BD1C5E618700280D3B /* NSDate+SwiftDate.swift */; };
		1F19C8D31C5E618700280D3B /* NSDateComponents+SwiftDate.swift in Sources */ = {isa = PBXBuildFile; fileRef = 1F19C8BE1C5E618700280D3B /* NSDateComponents+SwiftDate.swift */; };
		1F19C8D41C5E618700280D3B /* NSDateFormatter+SwiftDate.swift in Sources */ = {isa = PBXBuildFile; fileRef = 1F19C8BF1C5E618700280D3B /* NSDateFormatter+SwiftDate.swift */; };
		1F19C8D51C5E618700280D3B /* NSDateInterval.swift in Sources */ = {isa = PBXBuildFile; fileRef = 1F19C8C01C5E618700280D3B /* NSDateInterval.swift */; };
		1F19C8D61C5E618700280D3B /* NSLocale+SwiftDate.swift in Sources */ = {isa = PBXBuildFile; fileRef = 1F19C8C11C5E618700280D3B /* NSLocale+SwiftDate.swift */; };
		1F19C8D71C5E618700280D3B /* NSTimeInterval+SwiftDate.swift in Sources */ = {isa = PBXBuildFile; fileRef = 1F19C8C21C5E618700280D3B /* NSTimeInterval+SwiftDate.swift */; };
		1F19C8D81C5E618700280D3B /* NSTimeZone+SwiftDate.swift in Sources */ = {isa = PBXBuildFile; fileRef = 1F19C8C31C5E618700280D3B /* NSTimeZone+SwiftDate.swift */; };
		1F19C8D91C5E618700280D3B /* Region.swift in Sources */ = {isa = PBXBuildFile; fileRef = 1F19C8C41C5E618700280D3B /* Region.swift */; };
		1F19C8DA1C5E618700280D3B /* SwiftDate.h in Headers */ = {isa = PBXBuildFile; fileRef = 1F19C8C51C5E618700280D3B /* SwiftDate.h */; };
/* End PBXBuildFile section */

/* Begin PBXCopyFilesBuildPhase section */
		08188EE91C5A52EC00109396 /* CopyFiles */ = {
			isa = PBXCopyFilesBuildPhase;
			buildActionMask = 2147483647;
			dstPath = /usr/share/man/man1/;
			dstSubfolderSpec = 0;
			files = (
			);
			runOnlyForDeploymentPostprocessing = 1;
		};
		08188EF41C5A534F00109396 /* CopyFiles */ = {
			isa = PBXCopyFilesBuildPhase;
			buildActionMask = 2147483647;
			dstPath = /usr/share/man/man1/;
			dstSubfolderSpec = 0;
			files = (
			);
			runOnlyForDeploymentPostprocessing = 1;
		};
/* End PBXCopyFilesBuildPhase section */

/* Begin PBXFileReference section */
		08188E7E1C5A421400109396 /* SwiftDate.framework */ = {isa = PBXFileReference; explicitFileType = wrapper.framework; includeInIndex = 0; path = SwiftDate.framework; sourceTree = BUILT_PRODUCTS_DIR; };
		08188EEB1C5A52EC00109396 /* locale-gen */ = {isa = PBXFileReference; explicitFileType = "compiled.mach-o.executable"; includeInIndex = 0; path = "locale-gen"; sourceTree = BUILT_PRODUCTS_DIR; };
		08188EF61C5A534F00109396 /* timezone-gen */ = {isa = PBXFileReference; explicitFileType = "compiled.mach-o.executable"; includeInIndex = 0; path = "timezone-gen"; sourceTree = BUILT_PRODUCTS_DIR; };
		1F19C8781C5E25A800280D3B /* locale-gen */ = {isa = PBXFileReference; lastKnownFileType = folder; name = "locale-gen"; path = "Code generators/locale-gen"; sourceTree = "<group>"; };
		1F19C8791C5E25B600280D3B /* time-zone-gen */ = {isa = PBXFileReference; lastKnownFileType = folder; name = "time-zone-gen"; path = "Code generators/time-zone-gen"; sourceTree = "<group>"; };
		1F19C87B1C5E26D000280D3B /* Base.xcconfig */ = {isa = PBXFileReference; lastKnownFileType = text.xcconfig; name = Base.xcconfig; path = Configurations/Base.xcconfig; sourceTree = "<group>"; };
		1F19C87C1C5E26D000280D3B /* Debug.xcconfig */ = {isa = PBXFileReference; lastKnownFileType = text.xcconfig; name = Debug.xcconfig; path = Configurations/Debug.xcconfig; sourceTree = "<group>"; };
		1F19C87D1C5E26D000280D3B /* SwiftDate.xcconfig */ = {isa = PBXFileReference; lastKnownFileType = text.xcconfig; name = SwiftDate.xcconfig; path = Configurations/SwiftDate.xcconfig; sourceTree = "<group>"; };
		1F19C87E1C5E26D000280D3B /* Release.xcconfig */ = {isa = PBXFileReference; lastKnownFileType = text.xcconfig; name = Release.xcconfig; path = Configurations/Release.xcconfig; sourceTree = "<group>"; };
		1F19C87F1C5E26D000280D3B /* Tests.xcconfig */ = {isa = PBXFileReference; lastKnownFileType = text.xcconfig; name = Tests.xcconfig; path = Configurations/Tests.xcconfig; sourceTree = "<group>"; };
		1F19C88D1C5E5FAB00280D3B /* Nimble.framework */ = {isa = PBXFileReference; lastKnownFileType = wrapper.framework; name = Nimble.framework; path = Carthage/Build/Mac/Nimble.framework; sourceTree = SOURCE_ROOT; };
		1F19C88E1C5E5FAB00280D3B /* Quick.framework */ = {isa = PBXFileReference; lastKnownFileType = wrapper.framework; name = Quick.framework; path = Carthage/Build/Mac/Quick.framework; sourceTree = SOURCE_ROOT; };
		1F19C8931C5E616D00280D3B /* DateInRegionComparisonTests.swift */ = {isa = PBXFileReference; fileEncoding = 4; lastKnownFileType = sourcecode.swift; name = DateInRegionComparisonTests.swift; path = Tests/DateInRegionComparisonTests.swift; sourceTree = SOURCE_ROOT; };
		1F19C8941C5E616D00280D3B /* DateInRegionComponentPortTests.swift */ = {isa = PBXFileReference; fileEncoding = 4; lastKnownFileType = sourcecode.swift; name = DateInRegionComponentPortTests.swift; path = Tests/DateInRegionComponentPortTests.swift; sourceTree = SOURCE_ROOT; };
		1F19C8951C5E616D00280D3B /* DateInRegionEquationsTests.swift */ = {isa = PBXFileReference; fileEncoding = 4; lastKnownFileType = sourcecode.swift; name = DateInRegionEquationsTests.swift; path = Tests/DateInRegionEquationsTests.swift; sourceTree = SOURCE_ROOT; };
		1F19C8961C5E616D00280D3B /* DateInRegionHashableTests.swift */ = {isa = PBXFileReference; fileEncoding = 4; lastKnownFileType = sourcecode.swift; name = DateInRegionHashableTests.swift; path = Tests/DateInRegionHashableTests.swift; sourceTree = SOURCE_ROOT; };
		1F19C8971C5E616D00280D3B /* DateInRegionTests.swift */ = {isa = PBXFileReference; fileEncoding = 4; lastKnownFileType = sourcecode.swift; name = DateInRegionTests.swift; path = Tests/DateInRegionTests.swift; sourceTree = SOURCE_ROOT; };
		1F19C8981C5E616D00280D3B /* NSDateComponentPortTests.swift */ = {isa = PBXFileReference; fileEncoding = 4; lastKnownFileType = sourcecode.swift; name = NSDateComponentPortTests.swift; path = Tests/NSDateComponentPortTests.swift; sourceTree = SOURCE_ROOT; };
		1F19C8991C5E616D00280D3B /* NSDateEquationsTests.swift */ = {isa = PBXFileReference; fileEncoding = 4; lastKnownFileType = sourcecode.swift; name = NSDateEquationsTests.swift; path = Tests/NSDateEquationsTests.swift; sourceTree = SOURCE_ROOT; };
		1F19C89A1C5E616D00280D3B /* NSDateTests.swift */ = {isa = PBXFileReference; fileEncoding = 4; lastKnownFileType = sourcecode.swift; name = NSDateTests.swift; path = Tests/NSDateTests.swift; sourceTree = SOURCE_ROOT; };
		1F19C89B1C5E616D00280D3B /* RegionStringTests.swift */ = {isa = PBXFileReference; fileEncoding = 4; lastKnownFileType = sourcecode.swift; name = RegionStringTests.swift; path = Tests/RegionStringTests.swift; sourceTree = SOURCE_ROOT; };
		1F19C89C1C5E616D00280D3B /* RegionTests.swift */ = {isa = PBXFileReference; fileEncoding = 4; lastKnownFileType = sourcecode.swift; name = RegionTests.swift; path = Tests/RegionTests.swift; sourceTree = SOURCE_ROOT; };
		1F19C8B11C5E618700280D3B /* Additions.swift */ = {isa = PBXFileReference; fileEncoding = 4; lastKnownFileType = sourcecode.swift; name = Additions.swift; path = Source/Additions.swift; sourceTree = SOURCE_ROOT; };
		1F19C8B21C5E618700280D3B /* DateInRegion.swift */ = {isa = PBXFileReference; fileEncoding = 4; lastKnownFileType = sourcecode.swift; name = DateInRegion.swift; path = Source/DateInRegion.swift; sourceTree = SOURCE_ROOT; };
		1F19C8B31C5E618700280D3B /* DateInRegion+Comparisons.swift */ = {isa = PBXFileReference; fileEncoding = 4; lastKnownFileType = sourcecode.swift; name = "DateInRegion+Comparisons.swift"; path = "Source/DateInRegion+Comparisons.swift"; sourceTree = SOURCE_ROOT; };
		1F19C8B41C5E618700280D3B /* DateInRegion+Components.swift */ = {isa = PBXFileReference; fileEncoding = 4; lastKnownFileType = sourcecode.swift; name = "DateInRegion+Components.swift"; path = "Source/DateInRegion+Components.swift"; sourceTree = SOURCE_ROOT; };
		1F19C8B51C5E618700280D3B /* DateInRegion+Equations.swift */ = {isa = PBXFileReference; fileEncoding = 4; lastKnownFileType = sourcecode.swift; name = "DateInRegion+Equations.swift"; path = "Source/DateInRegion+Equations.swift"; sourceTree = SOURCE_ROOT; };
		1F19C8B61C5E618700280D3B /* DateInRegion+Formatter.swift */ = {isa = PBXFileReference; fileEncoding = 4; lastKnownFileType = sourcecode.swift; name = "DateInRegion+Formatter.swift"; path = "Source/DateInRegion+Formatter.swift"; sourceTree = SOURCE_ROOT; };
		1F19C8B71C5E618700280D3B /* DateInRegion+NSDatePort.swift */ = {isa = PBXFileReference; fileEncoding = 4; lastKnownFileType = sourcecode.swift; name = "DateInRegion+NSDatePort.swift"; path = "Source/DateInRegion+NSDatePort.swift"; sourceTree = SOURCE_ROOT; };
		1F19C8B81C5E618700280D3B /* DateInRegion+Operations.swift */ = {isa = PBXFileReference; fileEncoding = 4; lastKnownFileType = sourcecode.swift; name = "DateInRegion+Operations.swift"; path = "Source/DateInRegion+Operations.swift"; sourceTree = SOURCE_ROOT; };
		1F19C8B91C5E618700280D3B /* DateInRegion+StartEnd.swift */ = {isa = PBXFileReference; fileEncoding = 4; lastKnownFileType = sourcecode.swift; name = "DateInRegion+StartEnd.swift"; path = "Source/DateInRegion+StartEnd.swift"; sourceTree = SOURCE_ROOT; };
		1F19C8BA1C5E618700280D3B /* Dictionary+SwiftDate.swift */ = {isa = PBXFileReference; fileEncoding = 4; lastKnownFileType = sourcecode.swift; name = "Dictionary+SwiftDate.swift"; path = "Source/Dictionary+SwiftDate.swift"; sourceTree = SOURCE_ROOT; };
		1F19C8BB1C5E618700280D3B /* Info.plist */ = {isa = PBXFileReference; fileEncoding = 4; lastKnownFileType = text.plist.xml; name = Info.plist; path = Source/Info.plist; sourceTree = SOURCE_ROOT; };
		1F19C8BC1C5E618700280D3B /* NSCalendar+SwiftDate.swift */ = {isa = PBXFileReference; fileEncoding = 4; lastKnownFileType = sourcecode.swift; name = "NSCalendar+SwiftDate.swift"; path = "Source/NSCalendar+SwiftDate.swift"; sourceTree = SOURCE_ROOT; };
		1F19C8BD1C5E618700280D3B /* NSDate+SwiftDate.swift */ = {isa = PBXFileReference; fileEncoding = 4; lastKnownFileType = sourcecode.swift; name = "NSDate+SwiftDate.swift"; path = "Source/NSDate+SwiftDate.swift"; sourceTree = SOURCE_ROOT; };
		1F19C8BE1C5E618700280D3B /* NSDateComponents+SwiftDate.swift */ = {isa = PBXFileReference; fileEncoding = 4; lastKnownFileType = sourcecode.swift; name = "NSDateComponents+SwiftDate.swift"; path = "Source/NSDateComponents+SwiftDate.swift"; sourceTree = SOURCE_ROOT; };
		1F19C8BF1C5E618700280D3B /* NSDateFormatter+SwiftDate.swift */ = {isa = PBXFileReference; fileEncoding = 4; lastKnownFileType = sourcecode.swift; name = "NSDateFormatter+SwiftDate.swift"; path = "Source/NSDateFormatter+SwiftDate.swift"; sourceTree = SOURCE_ROOT; };
		1F19C8C01C5E618700280D3B /* NSDateInterval.swift */ = {isa = PBXFileReference; fileEncoding = 4; lastKnownFileType = sourcecode.swift; name = NSDateInterval.swift; path = Source/NSDateInterval.swift; sourceTree = SOURCE_ROOT; };
		1F19C8C11C5E618700280D3B /* NSLocale+SwiftDate.swift */ = {isa = PBXFileReference; fileEncoding = 4; lastKnownFileType = sourcecode.swift; name = "NSLocale+SwiftDate.swift"; path = "Source/NSLocale+SwiftDate.swift"; sourceTree = SOURCE_ROOT; };
		1F19C8C21C5E618700280D3B /* NSTimeInterval+SwiftDate.swift */ = {isa = PBXFileReference; fileEncoding = 4; lastKnownFileType = sourcecode.swift; name = "NSTimeInterval+SwiftDate.swift"; path = "Source/NSTimeInterval+SwiftDate.swift"; sourceTree = SOURCE_ROOT; };
		1F19C8C31C5E618700280D3B /* NSTimeZone+SwiftDate.swift */ = {isa = PBXFileReference; fileEncoding = 4; lastKnownFileType = sourcecode.swift; name = "NSTimeZone+SwiftDate.swift"; path = "Source/NSTimeZone+SwiftDate.swift"; sourceTree = SOURCE_ROOT; };
		1F19C8C41C5E618700280D3B /* Region.swift */ = {isa = PBXFileReference; fileEncoding = 4; lastKnownFileType = sourcecode.swift; name = Region.swift; path = Source/Region.swift; sourceTree = SOURCE_ROOT; };
		1F19C8C51C5E618700280D3B /* SwiftDate.h */ = {isa = PBXFileReference; fileEncoding = 4; lastKnownFileType = sourcecode.c.h; name = SwiftDate.h; path = Source/SwiftDate.h; sourceTree = SOURCE_ROOT; };
/* End PBXFileReference section */

/* Begin PBXFrameworksBuildPhase section */
		08188E7A1C5A421400109396 /* Frameworks */ = {
			isa = PBXFrameworksBuildPhase;
			buildActionMask = 2147483647;
			files = (
			);
			runOnlyForDeploymentPostprocessing = 0;
		};
		08188EE81C5A52EC00109396 /* Frameworks */ = {
			isa = PBXFrameworksBuildPhase;
			buildActionMask = 2147483647;
			files = (
			);
			runOnlyForDeploymentPostprocessing = 0;
		};
		08188EF31C5A534F00109396 /* Frameworks */ = {
			isa = PBXFrameworksBuildPhase;
			buildActionMask = 2147483647;
			files = (
			);
			runOnlyForDeploymentPostprocessing = 0;
		};
/* End PBXFrameworksBuildPhase section */

/* Begin PBXGroup section */
		08188E741C5A421400109396 = {
			isa = PBXGroup;
			children = (
				1F19C87A1C5E26C300280D3B /* Configurations */,
				1F19C8771C5E258300280D3B /* Generators */,
				08188E801C5A421400109396 /* SwiftDate */,
				08188E7F1C5A421400109396 /* Products */,
			);
			sourceTree = "<group>";
		};
		08188E7F1C5A421400109396 /* Products */ = {
			isa = PBXGroup;
			children = (
				08188E7E1C5A421400109396 /* SwiftDate.framework */,
				08188EEB1C5A52EC00109396 /* locale-gen */,
				08188EF61C5A534F00109396 /* timezone-gen */,
			);
			name = Products;
			sourceTree = "<group>";
		};
		08188E801C5A421400109396 /* SwiftDate */ = {
			isa = PBXGroup;
			children = (
				08188EAF1C5A422700109396 /* SwiftDate Sources */,
				08188EC41C5A424500109396 /* SwiftDate Tests */,
				08188ECA1C5A431000109396 /* Frameworks */,
			);
			path = SwiftDate;
			sourceTree = "<group>";
		};
		08188EAF1C5A422700109396 /* SwiftDate Sources */ = {
			isa = PBXGroup;
			children = (
				1F19C8B11C5E618700280D3B /* Additions.swift */,
				1F19C8B21C5E618700280D3B /* DateInRegion.swift */,
				1F19C8B31C5E618700280D3B /* DateInRegion+Comparisons.swift */,
				1F19C8B41C5E618700280D3B /* DateInRegion+Components.swift */,
				1F19C8B51C5E618700280D3B /* DateInRegion+Equations.swift */,
				1F19C8B61C5E618700280D3B /* DateInRegion+Formatter.swift */,
				1F19C8B71C5E618700280D3B /* DateInRegion+NSDatePort.swift */,
				1F19C8B81C5E618700280D3B /* DateInRegion+Operations.swift */,
				1F19C8B91C5E618700280D3B /* DateInRegion+StartEnd.swift */,
				1F19C8BA1C5E618700280D3B /* Dictionary+SwiftDate.swift */,
				1F19C8BB1C5E618700280D3B /* Info.plist */,
				1F19C8BC1C5E618700280D3B /* NSCalendar+SwiftDate.swift */,
				1F19C8BD1C5E618700280D3B /* NSDate+SwiftDate.swift */,
				1F19C8BE1C5E618700280D3B /* NSDateComponents+SwiftDate.swift */,
				1F19C8BF1C5E618700280D3B /* NSDateFormatter+SwiftDate.swift */,
				1F19C8C01C5E618700280D3B /* NSDateInterval.swift */,
				1F19C8C11C5E618700280D3B /* NSLocale+SwiftDate.swift */,
				1F19C8C21C5E618700280D3B /* NSTimeInterval+SwiftDate.swift */,
				1F19C8C31C5E618700280D3B /* NSTimeZone+SwiftDate.swift */,
				1F19C8C41C5E618700280D3B /* Region.swift */,
				1F19C8C51C5E618700280D3B /* SwiftDate.h */,
			);
			name = "SwiftDate Sources";
			sourceTree = "<group>";
		};
		08188EC41C5A424500109396 /* SwiftDate Tests */ = {
			isa = PBXGroup;
			children = (
				1F19C8931C5E616D00280D3B /* DateInRegionComparisonTests.swift */,
				1F19C8941C5E616D00280D3B /* DateInRegionComponentPortTests.swift */,
				1F19C8951C5E616D00280D3B /* DateInRegionEquationsTests.swift */,
				1F19C8961C5E616D00280D3B /* DateInRegionHashableTests.swift */,
				1F19C8971C5E616D00280D3B /* DateInRegionTests.swift */,
				1F19C8981C5E616D00280D3B /* NSDateComponentPortTests.swift */,
				1F19C8991C5E616D00280D3B /* NSDateEquationsTests.swift */,
				1F19C89A1C5E616D00280D3B /* NSDateTests.swift */,
				1F19C89B1C5E616D00280D3B /* RegionStringTests.swift */,
				1F19C89C1C5E616D00280D3B /* RegionTests.swift */,
			);
			name = "SwiftDate Tests";
			sourceTree = "<group>";
		};
		08188ECA1C5A431000109396 /* Frameworks */ = {
			isa = PBXGroup;
			children = (
				1F19C88D1C5E5FAB00280D3B /* Nimble.framework */,
				1F19C88E1C5E5FAB00280D3B /* Quick.framework */,
			);
			name = Frameworks;
			sourceTree = "<group>";
		};
		1F19C8771C5E258300280D3B /* Generators */ = {
			isa = PBXGroup;
			children = (
				1F19C8791C5E25B600280D3B /* time-zone-gen */,
				1F19C8781C5E25A800280D3B /* locale-gen */,
			);
			name = Generators;
			sourceTree = "<group>";
		};
		1F19C87A1C5E26C300280D3B /* Configurations */ = {
			isa = PBXGroup;
			children = (
				1F19C87B1C5E26D000280D3B /* Base.xcconfig */,
				1F19C87C1C5E26D000280D3B /* Debug.xcconfig */,
				1F19C87D1C5E26D000280D3B /* SwiftDate.xcconfig */,
				1F19C87E1C5E26D000280D3B /* Release.xcconfig */,
				1F19C87F1C5E26D000280D3B /* Tests.xcconfig */,
			);
			name = Configurations;
			sourceTree = "<group>";
		};
/* End PBXGroup section */

/* Begin PBXHeadersBuildPhase section */
		08188E7B1C5A421400109396 /* Headers */ = {
			isa = PBXHeadersBuildPhase;
			buildActionMask = 2147483647;
			files = (
				1F19C8DA1C5E618700280D3B /* SwiftDate.h in Headers */,
			);
			runOnlyForDeploymentPostprocessing = 0;
		};
/* End PBXHeadersBuildPhase section */

/* Begin PBXNativeTarget section */
		08188E7D1C5A421400109396 /* SwiftDate */ = {
			isa = PBXNativeTarget;
			buildConfigurationList = 08188E861C5A421400109396 /* Build configuration list for PBXNativeTarget "SwiftDate" */;
			buildPhases = (
				08188E791C5A421400109396 /* Sources */,
				08188E7A1C5A421400109396 /* Frameworks */,
				08188E7B1C5A421400109396 /* Headers */,
				08188E7C1C5A421400109396 /* Resources */,
			);
			buildRules = (
			);
			dependencies = (
			);
			name = SwiftDate;
			productName = SwiftDate;
			productReference = 08188E7E1C5A421400109396 /* SwiftDate.framework */;
			productType = "com.apple.product-type.framework";
		};
		08188EEA1C5A52EC00109396 /* locale-gen */ = {
			isa = PBXNativeTarget;
			buildConfigurationList = 08188EF11C5A52EC00109396 /* Build configuration list for PBXNativeTarget "locale-gen" */;
			buildPhases = (
				08188EE71C5A52EC00109396 /* Sources */,
				08188EE81C5A52EC00109396 /* Frameworks */,
				08188EE91C5A52EC00109396 /* CopyFiles */,
			);
			buildRules = (
			);
			dependencies = (
			);
			name = "locale-gen";
			productName = "locale-gen";
			productReference = 08188EEB1C5A52EC00109396 /* locale-gen */;
			productType = "com.apple.product-type.tool";
		};
		08188EF51C5A534F00109396 /* timezone-gen */ = {
			isa = PBXNativeTarget;
			buildConfigurationList = 08188EFA1C5A534F00109396 /* Build configuration list for PBXNativeTarget "timezone-gen" */;
			buildPhases = (
				08188EF21C5A534F00109396 /* Sources */,
				08188EF31C5A534F00109396 /* Frameworks */,
				08188EF41C5A534F00109396 /* CopyFiles */,
			);
			buildRules = (
			);
			dependencies = (
			);
			name = "timezone-gen";
			productName = "timezone-gen";
			productReference = 08188EF61C5A534F00109396 /* timezone-gen */;
			productType = "com.apple.product-type.tool";
		};
/* End PBXNativeTarget section */

/* Begin PBXProject section */
		08188E751C5A421400109396 /* Project object */ = {
			isa = PBXProject;
			attributes = {
				LastSwiftUpdateCheck = 0730;
				LastUpgradeCheck = 0730;
				ORGANIZATIONNAME = breakfastcode;
				TargetAttributes = {
					08188E7D1C5A421400109396 = {
						CreatedOnToolsVersion = 7.2;
					};
					08188EEA1C5A52EC00109396 = {
						CreatedOnToolsVersion = 7.2;
					};
					08188EF51C5A534F00109396 = {
						CreatedOnToolsVersion = 7.2;
					};
				};
			};
			buildConfigurationList = 08188E781C5A421400109396 /* Build configuration list for PBXProject "SwiftDate" */;
			compatibilityVersion = "Xcode 3.2";
			developmentRegion = English;
			hasScannedForEncodings = 0;
			knownRegions = (
				en,
			);
			mainGroup = 08188E741C5A421400109396;
			productRefGroup = 08188E7F1C5A421400109396 /* Products */;
			projectDirPath = "";
			projectRoot = "";
			targets = (
				08188E7D1C5A421400109396 /* SwiftDate */,
				08188EEA1C5A52EC00109396 /* locale-gen */,
				08188EF51C5A534F00109396 /* timezone-gen */,
			);
		};
/* End PBXProject section */

/* Begin PBXResourcesBuildPhase section */
		08188E7C1C5A421400109396 /* Resources */ = {
			isa = PBXResourcesBuildPhase;
			buildActionMask = 2147483647;
			files = (
			);
			runOnlyForDeploymentPostprocessing = 0;
		};
/* End PBXResourcesBuildPhase section */

/* Begin PBXSourcesBuildPhase section */
		08188E791C5A421400109396 /* Sources */ = {
			isa = PBXSourcesBuildPhase;
			buildActionMask = 2147483647;
			files = (
				1F19C8C81C5E618700280D3B /* DateInRegion+Comparisons.swift in Sources */,
				1F19C8D21C5E618700280D3B /* NSDate+SwiftDate.swift in Sources */,
				1F19C8D81C5E618700280D3B /* NSTimeZone+SwiftDate.swift in Sources */,
				1F19C8D11C5E618700280D3B /* NSCalendar+SwiftDate.swift in Sources */,
				1F19C8D61C5E618700280D3B /* NSLocale+SwiftDate.swift in Sources */,
				1F19C8D51C5E618700280D3B /* NSDateInterval.swift in Sources */,
				1F19C8CD1C5E618700280D3B /* DateInRegion+Operations.swift in Sources */,
				1F19C8D31C5E618700280D3B /* NSDateComponents+SwiftDate.swift in Sources */,
				1F19C8CF1C5E618700280D3B /* Dictionary+SwiftDate.swift in Sources */,
				1F19C8CC1C5E618700280D3B /* DateInRegion+NSDatePort.swift in Sources */,
				1F19C8C61C5E618700280D3B /* Additions.swift in Sources */,
				1F19C8D71C5E618700280D3B /* NSTimeInterval+SwiftDate.swift in Sources */,
				1F19C8C91C5E618700280D3B /* DateInRegion+Components.swift in Sources */,
				1F19C8C71C5E618700280D3B /* DateInRegion.swift in Sources */,
				1F19C8D41C5E618700280D3B /* NSDateFormatter+SwiftDate.swift in Sources */,
				1F19C8D91C5E618700280D3B /* Region.swift in Sources */,
				1F19C8CE1C5E618700280D3B /* DateInRegion+StartEnd.swift in Sources */,
				1F19C8CA1C5E618700280D3B /* DateInRegion+Equations.swift in Sources */,
				1F19C8CB1C5E618700280D3B /* DateInRegion+Formatter.swift in Sources */,
			);
			runOnlyForDeploymentPostprocessing = 0;
		};
		08188EE71C5A52EC00109396 /* Sources */ = {
			isa = PBXSourcesBuildPhase;
			buildActionMask = 2147483647;
			files = (
			);
			runOnlyForDeploymentPostprocessing = 0;
		};
		08188EF21C5A534F00109396 /* Sources */ = {
			isa = PBXSourcesBuildPhase;
			buildActionMask = 2147483647;
			files = (
			);
			runOnlyForDeploymentPostprocessing = 0;
		};
/* End PBXSourcesBuildPhase section */

/* Begin XCBuildConfiguration section */
		08188E841C5A421400109396 /* Debug */ = {
			isa = XCBuildConfiguration;
			baseConfigurationReference = 1F19C87C1C5E26D000280D3B /* Debug.xcconfig */;
			buildSettings = {
			};
			name = Debug;
		};
		08188E851C5A421400109396 /* Release */ = {
			isa = XCBuildConfiguration;
			baseConfigurationReference = 1F19C87E1C5E26D000280D3B /* Release.xcconfig */;
			buildSettings = {
			};
			name = Release;
		};
		08188E871C5A421400109396 /* Debug */ = {
			isa = XCBuildConfiguration;
			baseConfigurationReference = 1F19C87D1C5E26D000280D3B /* SwiftDate.xcconfig */;
			buildSettings = {
			};
			name = Debug;
		};
		08188E881C5A421400109396 /* Release */ = {
			isa = XCBuildConfiguration;
			baseConfigurationReference = 1F19C87D1C5E26D000280D3B /* SwiftDate.xcconfig */;
			buildSettings = {
			};
			name = Release;
		};
		08188EEF1C5A52EC00109396 /* Debug */ = {
			isa = XCBuildConfiguration;
			buildSettings = {
				CLANG_ENABLE_MODULES = YES;
				CODE_SIGN_IDENTITY = "-";
				LD_RUNPATH_SEARCH_PATHS = "$(inherited) @executable_path/../Frameworks @loader_path/../Frameworks";
				MACOSX_DEPLOYMENT_TARGET = 10.11;
				PRODUCT_NAME = "$(TARGET_NAME)";
				SDKROOT = macosx;
				SWIFT_OPTIMIZATION_LEVEL = "-Onone";
			};
			name = Debug;
		};
		08188EF01C5A52EC00109396 /* Release */ = {
			isa = XCBuildConfiguration;
			buildSettings = {
				CLANG_ENABLE_MODULES = YES;
				CODE_SIGN_IDENTITY = "-";
				LD_RUNPATH_SEARCH_PATHS = "$(inherited) @executable_path/../Frameworks @loader_path/../Frameworks";
				MACOSX_DEPLOYMENT_TARGET = 10.11;
				PRODUCT_NAME = "$(TARGET_NAME)";
				SDKROOT = macosx;
			};
			name = Release;
		};
		08188EFB1C5A534F00109396 /* Debug */ = {
			isa = XCBuildConfiguration;
			buildSettings = {
				CLANG_ENABLE_MODULES = YES;
				CODE_SIGN_IDENTITY = "-";
				LD_RUNPATH_SEARCH_PATHS = "$(inherited) @executable_path/../Frameworks @loader_path/../Frameworks";
				MACOSX_DEPLOYMENT_TARGET = 10.11;
				PRODUCT_NAME = "$(TARGET_NAME)";
				SDKROOT = macosx;
				SWIFT_OPTIMIZATION_LEVEL = "-Onone";
			};
			name = Debug;
		};
		08188EFC1C5A534F00109396 /* Release */ = {
			isa = XCBuildConfiguration;
			buildSettings = {
				CLANG_ENABLE_MODULES = YES;
				CODE_SIGN_IDENTITY = "-";
				LD_RUNPATH_SEARCH_PATHS = "$(inherited) @executable_path/../Frameworks @loader_path/../Frameworks";
				MACOSX_DEPLOYMENT_TARGET = 10.11;
				PRODUCT_NAME = "$(TARGET_NAME)";
				SDKROOT = macosx;
			};
			name = Release;
		};
/* End XCBuildConfiguration section */

/* Begin XCConfigurationList section */
		08188E781C5A421400109396 /* Build configuration list for PBXProject "SwiftDate" */ = {
			isa = XCConfigurationList;
			buildConfigurations = (
				08188E841C5A421400109396 /* Debug */,
				08188E851C5A421400109396 /* Release */,
			);
			defaultConfigurationIsVisible = 0;
			defaultConfigurationName = Release;
		};
		08188E861C5A421400109396 /* Build configuration list for PBXNativeTarget "SwiftDate" */ = {
			isa = XCConfigurationList;
			buildConfigurations = (
				08188E871C5A421400109396 /* Debug */,
				08188E881C5A421400109396 /* Release */,
			);
			defaultConfigurationIsVisible = 0;
			defaultConfigurationName = Release;
		};
		08188EF11C5A52EC00109396 /* Build configuration list for PBXNativeTarget "locale-gen" */ = {
			isa = XCConfigurationList;
			buildConfigurations = (
				08188EEF1C5A52EC00109396 /* Debug */,
				08188EF01C5A52EC00109396 /* Release */,
			);
			defaultConfigurationIsVisible = 0;
			defaultConfigurationName = Release;
		};
		08188EFA1C5A534F00109396 /* Build configuration list for PBXNativeTarget "timezone-gen" */ = {
			isa = XCConfigurationList;
			buildConfigurations = (
				08188EFB1C5A534F00109396 /* Debug */,
				08188EFC1C5A534F00109396 /* Release */,
			);
			defaultConfigurationIsVisible = 0;
			defaultConfigurationName = Release;
		};
/* End XCConfigurationList section */
	};
	rootObject = 08188E751C5A421400109396 /* Project object */;
}
